
Microsoft Visual Studio Solution File, Format Version 12.00
# Visual Studio Version 17
VisualStudioVersion = 17.0.32014.148
MinimumVisualStudioVersion = 10.0.40219.1
Project("{8BC9CEB8-8B4A-11D0-8D11-00A0C91BC942}") = "Lab-Polynomials", "Lab-Polynomials\Lab-Polynomials.vcxproj", "{87516955-D368-459A-A21C-D283117E9C56}"
EndProject
Project("{8BC9CEB8-8B4A-11D0-8D11-00A0C91BC942}") = "Gtests", "Gtests\Gtests.vcxproj", "{F0221B02-EAFC-43DF-A6E7-144E1E82FC5C}"
EndProject
Global
	GlobalSection(SolutionConfigurationPlatforms) = preSolution
		Debug|x64 = Debug|x64
		Debug|x86 = Debug|x86
		Release|x64 = Release|x64
		Release|x86 = Release|x86
	EndGlobalSection
	GlobalSection(ProjectConfigurationPlatforms) = postSolution
		{87516955-D368-459A-A21C-D283117E9C56}.Debug|x64.ActiveCfg = Debug|x64
		{87516955-D368-459A-A21C-D283117E9C56}.Debug|x64.Build.0 = Debug|x64
		{87516955-D368-459A-A21C-D283117E9C56}.Debug|x86.ActiveCfg = Debug|Win32
		{87516955-D368-459A-A21C-D283117E9C56}.Debug|x86.Build.0 = Debug|Win32
		{87516955-D368-459A-A21C-D283117E9C56}.Release|x64.ActiveCfg = Release|x64
		{87516955-D368-459A-A21C-D283117E9C56}.Release|x64.Build.0 = Release|x64
		{87516955-D368-459A-A21C-D283117E9C56}.Release|x86.ActiveCfg = Release|Win32
		{87516955-D368-459A-A21C-D283117E9C56}.Release|x86.Build.0 = Release|Win32
		{F0221B02-EAFC-43DF-A6E7-144E1E82FC5C}.Debug|x64.ActiveCfg = Debug|x64
		{F0221B02-EAFC-43DF-A6E7-144E1E82FC5C}.Debug|x64.Build.0 = Debug|x64
		{F0221B02-EAFC-43DF-A6E7-144E1E82FC5C}.Debug|x86.ActiveCfg = Debug|Win32
		{F0221B02-EAFC-43DF-A6E7-144E1E82FC5C}.Debug|x86.Build.0 = Debug|Win32
		{F0221B02-EAFC-43DF-A6E7-144E1E82FC5C}.Release|x64.ActiveCfg = Release|x64
		{F0221B02-EAFC-43DF-A6E7-144E1E82FC5C}.Release|x64.Build.0 = Release|x64
		{F0221B02-EAFC-43DF-A6E7-144E1E82FC5C}.Release|x86.ActiveCfg = Release|Win32
		{F0221B02-EAFC-43DF-A6E7-144E1E82FC5C}.Release|x86.Build.0 = Release|Win32
	EndGlobalSection
	GlobalSection(SolutionProperties) = preSolution
		HideSolutionNode = FALSE
	EndGlobalSection
	GlobalSection(ExtensibilityGlobals) = postSolution
		SolutionGuid = {A3E568E1-F157-4CD0-AB03-1E4E18324DCE}
	EndGlobalSection
EndGlobal
